
Microsoft Visual Studio Solution File, Format Version 12.00
# Visual Studio Version 16
Project("{2150E333-8FDC-42A3-9474-1A3956D46DE8}") = "CMakePredefinedTargets", "CMakePredefinedTargets", "{208148DD-86F0-3E72-95D8-83599ABFE55E}"
EndProject
Project("{2150E333-8FDC-42A3-9474-1A3956D46DE8}") = "CTestDashboardTargets", "CTestDashboardTargets", "{37488765-EA76-3E7D-AD0E-C704F8A0E74E}"
EndProject
Project("{2150E333-8FDC-42A3-9474-1A3956D46DE8}") = "GLFW3", "GLFW3", "{C884DDF4-5B83-3323-AE1F-03A564386EAA}"
EndProject
Project("{8BC9CEB8-8B4A-11D0-8D11-00A0C91BC942}") = "ALL_BUILD", "ALL_BUILD.vcxproj", "{612EF3A4-DA15-31F3-A35D-5FB82CC8652F}"
	ProjectSection(ProjectDependencies) = postProject
		{F810830C-D34D-34A2-9603-B79CD08DABD8} = {F810830C-D34D-34A2-9603-B79CD08DABD8}
		{2E5C62FC-C5D7-33B1-8B5E-3CA2400BBD1E} = {2E5C62FC-C5D7-33B1-8B5E-3CA2400BBD1E}
		{063DB1D4-CC79-36D6-ADE7-9557F0A9352D} = {063DB1D4-CC79-36D6-ADE7-9557F0A9352D}
		{2EBCF637-7EFA-3E0A-81A2-6EDCC52DB094} = {2EBCF637-7EFA-3E0A-81A2-6EDCC52DB094}
		{30EB1A3A-EAF5-3BDA-AC93-F4466361421E} = {30EB1A3A-EAF5-3BDA-AC93-F4466361421E}
		{B73E118B-3D8C-3E33-9C96-3F91D1DF2105} = {B73E118B-3D8C-3E33-9C96-3F91D1DF2105}
	EndProjectSection
EndProject
Project("{8BC9CEB8-8B4A-11D0-8D11-00A0C91BC942}") = "AtmosphericScattering", "AtmosphericScattering.vcxproj", "{F810830C-D34D-34A2-9603-B79CD08DABD8}"
	ProjectSection(ProjectDependencies) = postProject
		{2E5C62FC-C5D7-33B1-8B5E-3CA2400BBD1E} = {2E5C62FC-C5D7-33B1-8B5E-3CA2400BBD1E}
		{063DB1D4-CC79-36D6-ADE7-9557F0A9352D} = {063DB1D4-CC79-36D6-ADE7-9557F0A9352D}
		{2EBCF637-7EFA-3E0A-81A2-6EDCC52DB094} = {2EBCF637-7EFA-3E0A-81A2-6EDCC52DB094}
		{B73E118B-3D8C-3E33-9C96-3F91D1DF2105} = {B73E118B-3D8C-3E33-9C96-3F91D1DF2105}
	EndProjectSection
EndProject
Project("{8BC9CEB8-8B4A-11D0-8D11-00A0C91BC942}") = "Continuous", "Continuous.vcxproj", "{3715FBA0-437E-326B-AA42-66CC5093886C}"
	ProjectSection(ProjectDependencies) = postProject
		{2E5C62FC-C5D7-33B1-8B5E-3CA2400BBD1E} = {2E5C62FC-C5D7-33B1-8B5E-3CA2400BBD1E}
	EndProjectSection
EndProject
Project("{8BC9CEB8-8B4A-11D0-8D11-00A0C91BC942}") = "Experimental", "Experimental.vcxproj", "{A85506DB-7446-389D-A40F-F618B1854166}"
	ProjectSection(ProjectDependencies) = postProject
		{2E5C62FC-C5D7-33B1-8B5E-3CA2400BBD1E} = {2E5C62FC-C5D7-33B1-8B5E-3CA2400BBD1E}
	EndProjectSection
EndProject
Project("{8BC9CEB8-8B4A-11D0-8D11-00A0C91BC942}") = "INSTALL", "INSTALL.vcxproj", "{7F9F06E3-9973-3CD3-856B-FB8BCDFA7525}"
	ProjectSection(ProjectDependencies) = postProject
		{612EF3A4-DA15-31F3-A35D-5FB82CC8652F} = {612EF3A4-DA15-31F3-A35D-5FB82CC8652F}
		{2E5C62FC-C5D7-33B1-8B5E-3CA2400BBD1E} = {2E5C62FC-C5D7-33B1-8B5E-3CA2400BBD1E}
	EndProjectSection
EndProject
Project("{8BC9CEB8-8B4A-11D0-8D11-00A0C91BC942}") = "Nightly", "Nightly.vcxproj", "{409ABB98-C18B-3E0E-AB9F-301E28CFE0C0}"
	ProjectSection(ProjectDependencies) = postProject
		{2E5C62FC-C5D7-33B1-8B5E-3CA2400BBD1E} = {2E5C62FC-C5D7-33B1-8B5E-3CA2400BBD1E}
	EndProjectSection
EndProject
Project("{8BC9CEB8-8B4A-11D0-8D11-00A0C91BC942}") = "NightlyMemoryCheck", "NightlyMemoryCheck.vcxproj", "{0B7E74DC-4DCB-3133-B304-8382AAEB4F89}"
	ProjectSection(ProjectDependencies) = postProject
		{2E5C62FC-C5D7-33B1-8B5E-3CA2400BBD1E} = {2E5C62FC-C5D7-33B1-8B5E-3CA2400BBD1E}
	EndProjectSection
EndProject
Project("{8BC9CEB8-8B4A-11D0-8D11-00A0C91BC942}") = "PACKAGE", "PACKAGE.vcxproj", "{CAFE0FB0-07B1-3858-8AFA-B6364E7B23C4}"
	ProjectSection(ProjectDependencies) = postProject
		{612EF3A4-DA15-31F3-A35D-5FB82CC8652F} = {612EF3A4-DA15-31F3-A35D-5FB82CC8652F}
		{2E5C62FC-C5D7-33B1-8B5E-3CA2400BBD1E} = {2E5C62FC-C5D7-33B1-8B5E-3CA2400BBD1E}
	EndProjectSection
EndProject
Project("{8BC9CEB8-8B4A-11D0-8D11-00A0C91BC942}") = "RUN_TESTS", "RUN_TESTS.vcxproj", "{96614EC7-7ACB-31EA-B173-2FDD71EE3C96}"
	ProjectSection(ProjectDependencies) = postProject
		{2E5C62FC-C5D7-33B1-8B5E-3CA2400BBD1E} = {2E5C62FC-C5D7-33B1-8B5E-3CA2400BBD1E}
	EndProjectSection
EndProject
Project("{8BC9CEB8-8B4A-11D0-8D11-00A0C91BC942}") = "ZERO_CHECK", "ZERO_CHECK.vcxproj", "{2E5C62FC-C5D7-33B1-8B5E-3CA2400BBD1E}"
	ProjectSection(ProjectDependencies) = postProject
	EndProjectSection
EndProject
Project("{8BC9CEB8-8B4A-11D0-8D11-00A0C91BC942}") = "glad", "external\glad\glad.vcxproj", "{063DB1D4-CC79-36D6-ADE7-9557F0A9352D}"
	ProjectSection(ProjectDependencies) = postProject
		{2E5C62FC-C5D7-33B1-8B5E-3CA2400BBD1E} = {2E5C62FC-C5D7-33B1-8B5E-3CA2400BBD1E}
	EndProjectSection
EndProject
Project("{8BC9CEB8-8B4A-11D0-8D11-00A0C91BC942}") = "glfw", "external\glfw\src\glfw.vcxproj", "{2EBCF637-7EFA-3E0A-81A2-6EDCC52DB094}"
	ProjectSection(ProjectDependencies) = postProject
		{2E5C62FC-C5D7-33B1-8B5E-3CA2400BBD1E} = {2E5C62FC-C5D7-33B1-8B5E-3CA2400BBD1E}
	EndProjectSection
EndProject
Project("{8BC9CEB8-8B4A-11D0-8D11-00A0C91BC942}") = "libglew_shared", "external\glew\libglew_shared.vcxproj", "{30EB1A3A-EAF5-3BDA-AC93-F4466361421E}"
	ProjectSection(ProjectDependencies) = postProject
		{2E5C62FC-C5D7-33B1-8B5E-3CA2400BBD1E} = {2E5C62FC-C5D7-33B1-8B5E-3CA2400BBD1E}
	EndProjectSection
EndProject
Project("{8BC9CEB8-8B4A-11D0-8D11-00A0C91BC942}") = "libglew_static", "external\glew\libglew_static.vcxproj", "{B73E118B-3D8C-3E33-9C96-3F91D1DF2105}"
	ProjectSection(ProjectDependencies) = postProject
		{2E5C62FC-C5D7-33B1-8B5E-3CA2400BBD1E} = {2E5C62FC-C5D7-33B1-8B5E-3CA2400BBD1E}
	EndProjectSection
EndProject
Project("{8BC9CEB8-8B4A-11D0-8D11-00A0C91BC942}") = "uninstall", "external\glfw\uninstall.vcxproj", "{CFEE86D9-486E-30DF-95D0-4A4E50405253}"
	ProjectSection(ProjectDependencies) = postProject
		{2E5C62FC-C5D7-33B1-8B5E-3CA2400BBD1E} = {2E5C62FC-C5D7-33B1-8B5E-3CA2400BBD1E}
	EndProjectSection
EndProject
Project("{8BC9CEB8-8B4A-11D0-8D11-00A0C91BC942}") = "update_mappings", "external\glfw\src\update_mappings.vcxproj", "{803F69B3-B8F5-32B9-BFE4-153C583E9407}"
	ProjectSection(ProjectDependencies) = postProject
		{2E5C62FC-C5D7-33B1-8B5E-3CA2400BBD1E} = {2E5C62FC-C5D7-33B1-8B5E-3CA2400BBD1E}
	EndProjectSection
EndProject
Global
	GlobalSection(SolutionConfigurationPlatforms) = preSolution
		Debug|x64 = Debug|x64
		Release|x64 = Release|x64
		MinSizeRel|x64 = MinSizeRel|x64
		RelWithDebInfo|x64 = RelWithDebInfo|x64
	EndGlobalSection
	GlobalSection(ProjectConfigurationPlatforms) = postSolution
		{612EF3A4-DA15-31F3-A35D-5FB82CC8652F}.Debug|x64.ActiveCfg = Debug|x64
		{612EF3A4-DA15-31F3-A35D-5FB82CC8652F}.Debug|x64.Build.0 = Debug|x64
		{612EF3A4-DA15-31F3-A35D-5FB82CC8652F}.Release|x64.ActiveCfg = Release|x64
		{612EF3A4-DA15-31F3-A35D-5FB82CC8652F}.Release|x64.Build.0 = Release|x64
		{612EF3A4-DA15-31F3-A35D-5FB82CC8652F}.MinSizeRel|x64.ActiveCfg = MinSizeRel|x64
		{612EF3A4-DA15-31F3-A35D-5FB82CC8652F}.MinSizeRel|x64.Build.0 = MinSizeRel|x64
		{612EF3A4-DA15-31F3-A35D-5FB82CC8652F}.RelWithDebInfo|x64.ActiveCfg = RelWithDebInfo|x64
		{612EF3A4-DA15-31F3-A35D-5FB82CC8652F}.RelWithDebInfo|x64.Build.0 = RelWithDebInfo|x64
		{F810830C-D34D-34A2-9603-B79CD08DABD8}.Debug|x64.ActiveCfg = Debug|x64
		{F810830C-D34D-34A2-9603-B79CD08DABD8}.Debug|x64.Build.0 = Debug|x64
		{F810830C-D34D-34A2-9603-B79CD08DABD8}.Release|x64.ActiveCfg = Release|x64
		{F810830C-D34D-34A2-9603-B79CD08DABD8}.Release|x64.Build.0 = Release|x64
		{F810830C-D34D-34A2-9603-B79CD08DABD8}.MinSizeRel|x64.ActiveCfg = MinSizeRel|x64
		{F810830C-D34D-34A2-9603-B79CD08DABD8}.MinSizeRel|x64.Build.0 = MinSizeRel|x64
		{F810830C-D34D-34A2-9603-B79CD08DABD8}.RelWithDebInfo|x64.ActiveCfg = RelWithDebInfo|x64
		{F810830C-D34D-34A2-9603-B79CD08DABD8}.RelWithDebInfo|x64.Build.0 = RelWithDebInfo|x64
		{3715FBA0-437E-326B-AA42-66CC5093886C}.Debug|x64.ActiveCfg = Debug|x64
		{3715FBA0-437E-326B-AA42-66CC5093886C}.Release|x64.ActiveCfg = Release|x64
		{3715FBA0-437E-326B-AA42-66CC5093886C}.MinSizeRel|x64.ActiveCfg = MinSizeRel|x64
		{3715FBA0-437E-326B-AA42-66CC5093886C}.RelWithDebInfo|x64.ActiveCfg = RelWithDebInfo|x64
		{A85506DB-7446-389D-A40F-F618B1854166}.Debug|x64.ActiveCfg = Debug|x64
		{A85506DB-7446-389D-A40F-F618B1854166}.Release|x64.ActiveCfg = Release|x64
		{A85506DB-7446-389D-A40F-F618B1854166}.MinSizeRel|x64.ActiveCfg = MinSizeRel|x64
		{A85506DB-7446-389D-A40F-F618B1854166}.RelWithDebInfo|x64.ActiveCfg = RelWithDebInfo|x64
		{7F9F06E3-9973-3CD3-856B-FB8BCDFA7525}.Debug|x64.ActiveCfg = Debug|x64
		{7F9F06E3-9973-3CD3-856B-FB8BCDFA7525}.Release|x64.ActiveCfg = Release|x64
		{7F9F06E3-9973-3CD3-856B-FB8BCDFA7525}.MinSizeRel|x64.ActiveCfg = MinSizeRel|x64
		{7F9F06E3-9973-3CD3-856B-FB8BCDFA7525}.RelWithDebInfo|x64.ActiveCfg = RelWithDebInfo|x64
		{409ABB98-C18B-3E0E-AB9F-301E28CFE0C0}.Debug|x64.ActiveCfg = Debug|x64
		{409ABB98-C18B-3E0E-AB9F-301E28CFE0C0}.Release|x64.ActiveCfg = Release|x64
		{409ABB98-C18B-3E0E-AB9F-301E28CFE0C0}.MinSizeRel|x64.ActiveCfg = MinSizeRel|x64
		{409ABB98-C18B-3E0E-AB9F-301E28CFE0C0}.RelWithDebInfo|x64.ActiveCfg = RelWithDebInfo|x64
		{0B7E74DC-4DCB-3133-B304-8382AAEB4F89}.Debug|x64.ActiveCfg = Debug|x64
		{0B7E74DC-4DCB-3133-B304-8382AAEB4F89}.Release|x64.ActiveCfg = Release|x64
		{0B7E74DC-4DCB-3133-B304-8382AAEB4F89}.MinSizeRel|x64.ActiveCfg = MinSizeRel|x64
		{0B7E74DC-4DCB-3133-B304-8382AAEB4F89}.RelWithDebInfo|x64.ActiveCfg = RelWithDebInfo|x64
		{CAFE0FB0-07B1-3858-8AFA-B6364E7B23C4}.Debug|x64.ActiveCfg = Debug|x64
		{CAFE0FB0-07B1-3858-8AFA-B6364E7B23C4}.Release|x64.ActiveCfg = Release|x64
		{CAFE0FB0-07B1-3858-8AFA-B6364E7B23C4}.MinSizeRel|x64.ActiveCfg = MinSizeRel|x64
		{CAFE0FB0-07B1-3858-8AFA-B6364E7B23C4}.RelWithDebInfo|x64.ActiveCfg = RelWithDebInfo|x64
		{96614EC7-7ACB-31EA-B173-2FDD71EE3C96}.Debug|x64.ActiveCfg = Debug|x64
		{96614EC7-7ACB-31EA-B173-2FDD71EE3C96}.Release|x64.ActiveCfg = Release|x64
		{96614EC7-7ACB-31EA-B173-2FDD71EE3C96}.MinSizeRel|x64.ActiveCfg = MinSizeRel|x64
		{96614EC7-7ACB-31EA-B173-2FDD71EE3C96}.RelWithDebInfo|x64.ActiveCfg = RelWithDebInfo|x64
		{2E5C62FC-C5D7-33B1-8B5E-3CA2400BBD1E}.Debug|x64.ActiveCfg = Debug|x64
		{2E5C62FC-C5D7-33B1-8B5E-3CA2400BBD1E}.Debug|x64.Build.0 = Debug|x64
		{2E5C62FC-C5D7-33B1-8B5E-3CA2400BBD1E}.Release|x64.ActiveCfg = Release|x64
		{2E5C62FC-C5D7-33B1-8B5E-3CA2400BBD1E}.Release|x64.Build.0 = Release|x64
		{2E5C62FC-C5D7-33B1-8B5E-3CA2400BBD1E}.MinSizeRel|x64.ActiveCfg = MinSizeRel|x64
		{2E5C62FC-C5D7-33B1-8B5E-3CA2400BBD1E}.MinSizeRel|x64.Build.0 = MinSizeRel|x64
		{2E5C62FC-C5D7-33B1-8B5E-3CA2400BBD1E}.RelWithDebInfo|x64.ActiveCfg = RelWithDebInfo|x64
		{2E5C62FC-C5D7-33B1-8B5E-3CA2400BBD1E}.RelWithDebInfo|x64.Build.0 = RelWithDebInfo|x64
		{063DB1D4-CC79-36D6-ADE7-9557F0A9352D}.Debug|x64.ActiveCfg = Debug|x64
		{063DB1D4-CC79-36D6-ADE7-9557F0A9352D}.Debug|x64.Build.0 = Debug|x64
		{063DB1D4-CC79-36D6-ADE7-9557F0A9352D}.Release|x64.ActiveCfg = Release|x64
		{063DB1D4-CC79-36D6-ADE7-9557F0A9352D}.Release|x64.Build.0 = Release|x64
		{063DB1D4-CC79-36D6-ADE7-9557F0A9352D}.MinSizeRel|x64.ActiveCfg = MinSizeRel|x64
		{063DB1D4-CC79-36D6-ADE7-9557F0A9352D}.MinSizeRel|x64.Build.0 = MinSizeRel|x64
		{063DB1D4-CC79-36D6-ADE7-9557F0A9352D}.RelWithDebInfo|x64.ActiveCfg = RelWithDebInfo|x64
		{063DB1D4-CC79-36D6-ADE7-9557F0A9352D}.RelWithDebInfo|x64.Build.0 = RelWithDebInfo|x64
		{2EBCF637-7EFA-3E0A-81A2-6EDCC52DB094}.Debug|x64.ActiveCfg = Debug|x64
		{2EBCF637-7EFA-3E0A-81A2-6EDCC52DB094}.Debug|x64.Build.0 = Debug|x64
		{2EBCF637-7EFA-3E0A-81A2-6EDCC52DB094}.Release|x64.ActiveCfg = Release|x64
		{2EBCF637-7EFA-3E0A-81A2-6EDCC52DB094}.Release|x64.Build.0 = Release|x64
		{2EBCF637-7EFA-3E0A-81A2-6EDCC52DB094}.MinSizeRel|x64.ActiveCfg = MinSizeRel|x64
		{2EBCF637-7EFA-3E0A-81A2-6EDCC52DB094}.MinSizeRel|x64.Build.0 = MinSizeRel|x64
		{2EBCF637-7EFA-3E0A-81A2-6EDCC52DB094}.RelWithDebInfo|x64.ActiveCfg = RelWithDebInfo|x64
		{2EBCF637-7EFA-3E0A-81A2-6EDCC52DB094}.RelWithDebInfo|x64.Build.0 = RelWithDebInfo|x64
		{30EB1A3A-EAF5-3BDA-AC93-F4466361421E}.Debug|x64.ActiveCfg = Debug|x64
		{30EB1A3A-EAF5-3BDA-AC93-F4466361421E}.Debug|x64.Build.0 = Debug|x64
		{30EB1A3A-EAF5-3BDA-AC93-F4466361421E}.Release|x64.ActiveCfg = Release|x64
		{30EB1A3A-EAF5-3BDA-AC93-F4466361421E}.Release|x64.Build.0 = Release|x64
		{30EB1A3A-EAF5-3BDA-AC93-F4466361421E}.MinSizeRel|x64.ActiveCfg = MinSizeRel|x64
		{30EB1A3A-EAF5-3BDA-AC93-F4466361421E}.MinSizeRel|x64.Build.0 = MinSizeRel|x64
		{30EB1A3A-EAF5-3BDA-AC93-F4466361421E}.RelWithDebInfo|x64.ActiveCfg = RelWithDebInfo|x64
		{30EB1A3A-EAF5-3BDA-AC93-F4466361421E}.RelWithDebInfo|x64.Build.0 = RelWithDebInfo|x64
		{B73E118B-3D8C-3E33-9C96-3F91D1DF2105}.Debug|x64.ActiveCfg = Debug|x64
		{B73E118B-3D8C-3E33-9C96-3F91D1DF2105}.Debug|x64.Build.0 = Debug|x64
		{B73E118B-3D8C-3E33-9C96-3F91D1DF2105}.Release|x64.ActiveCfg = Release|x64
		{B73E118B-3D8C-3E33-9C96-3F91D1DF2105}.Release|x64.Build.0 = Release|x64
		{B73E118B-3D8C-3E33-9C96-3F91D1DF2105}.MinSizeRel|x64.ActiveCfg = MinSizeRel|x64
		{B73E118B-3D8C-3E33-9C96-3F91D1DF2105}.MinSizeRel|x64.Build.0 = MinSizeRel|x64
		{B73E118B-3D8C-3E33-9C96-3F91D1DF2105}.RelWithDebInfo|x64.ActiveCfg = RelWithDebInfo|x64
		{B73E118B-3D8C-3E33-9C96-3F91D1DF2105}.RelWithDebInfo|x64.Build.0 = RelWithDebInfo|x64
		{CFEE86D9-486E-30DF-95D0-4A4E50405253}.Debug|x64.ActiveCfg = Debug|x64
		{CFEE86D9-486E-30DF-95D0-4A4E50405253}.Release|x64.ActiveCfg = Release|x64
		{CFEE86D9-486E-30DF-95D0-4A4E50405253}.MinSizeRel|x64.ActiveCfg = MinSizeRel|x64
		{CFEE86D9-486E-30DF-95D0-4A4E50405253}.RelWithDebInfo|x64.ActiveCfg = RelWithDebInfo|x64
		{803F69B3-B8F5-32B9-BFE4-153C583E9407}.Debug|x64.ActiveCfg = Debug|x64
		{803F69B3-B8F5-32B9-BFE4-153C583E9407}.Release|x64.ActiveCfg = Release|x64
		{803F69B3-B8F5-32B9-BFE4-153C583E9407}.MinSizeRel|x64.ActiveCfg = MinSizeRel|x64
		{803F69B3-B8F5-32B9-BFE4-153C583E9407}.RelWithDebInfo|x64.ActiveCfg = RelWithDebInfo|x64
	EndGlobalSection
	GlobalSection(NestedProjects) = preSolution
		{612EF3A4-DA15-31F3-A35D-5FB82CC8652F} = {208148DD-86F0-3E72-95D8-83599ABFE55E}
		{7F9F06E3-9973-3CD3-856B-FB8BCDFA7525} = {208148DD-86F0-3E72-95D8-83599ABFE55E}
		{CAFE0FB0-07B1-3858-8AFA-B6364E7B23C4} = {208148DD-86F0-3E72-95D8-83599ABFE55E}
		{96614EC7-7ACB-31EA-B173-2FDD71EE3C96} = {208148DD-86F0-3E72-95D8-83599ABFE55E}
		{2E5C62FC-C5D7-33B1-8B5E-3CA2400BBD1E} = {208148DD-86F0-3E72-95D8-83599ABFE55E}
		{3715FBA0-437E-326B-AA42-66CC5093886C} = {37488765-EA76-3E7D-AD0E-C704F8A0E74E}
		{A85506DB-7446-389D-A40F-F618B1854166} = {37488765-EA76-3E7D-AD0E-C704F8A0E74E}
		{409ABB98-C18B-3E0E-AB9F-301E28CFE0C0} = {37488765-EA76-3E7D-AD0E-C704F8A0E74E}
		{0B7E74DC-4DCB-3133-B304-8382AAEB4F89} = {37488765-EA76-3E7D-AD0E-C704F8A0E74E}
		{2EBCF637-7EFA-3E0A-81A2-6EDCC52DB094} = {C884DDF4-5B83-3323-AE1F-03A564386EAA}
		{CFEE86D9-486E-30DF-95D0-4A4E50405253} = {C884DDF4-5B83-3323-AE1F-03A564386EAA}
		{803F69B3-B8F5-32B9-BFE4-153C583E9407} = {C884DDF4-5B83-3323-AE1F-03A564386EAA}
	EndGlobalSection
	GlobalSection(ExtensibilityGlobals) = postSolution
		SolutionGuid = {99AB601F-8CBB-3C0C-B7FB-A11E1AC9EA13}
	EndGlobalSection
	GlobalSection(ExtensibilityAddIns) = postSolution
	EndGlobalSection
EndGlobal
