<?xml version="1.0" encoding="utf-8"?>
<Project ToolsVersion="16.0" xmlns="http://schemas.microsoft.com/developer/msbuild/2003">
  <ItemGroup>
    <CustomBuild Include="D:\Data\Courses\Computer Graphics and Interaction\Project\AtmosphericScattering\CMakeFiles\198c7263ad9f22e6f501dae24c4bf6d3\Experimental.rule">
      <Filter>CMake Rules</Filter>
    </CustomBuild>
    <CustomBuild Include="D:\Data\Courses\Computer Graphics and Interaction\Project\AtmosphericScattering\CMakeLists.txt" />
  </ItemGroup>
  <ItemGroup>
    <None Include="D:\Data\Courses\Computer Graphics and Interaction\Project\AtmosphericScattering\CMakeFiles\Experimental" />
  </ItemGroup>
  <ItemGroup>
    <Filter Include="CMake Rules">
      <UniqueIdentifier>{B07213A9-2655-385D-8F0F-8FBD96181CE1}</UniqueIdentifier>
    </Filter>
  </ItemGroup>
</Project>
