<?xml version="1.0" encoding="utf-8"?>
<Project ToolsVersion="17.0" xmlns="http://schemas.microsoft.com/developer/msbuild/2003">
  <ItemGroup>
    <CustomBuild Include="C:\Users\Ben\Documents\GitHub\AtmosphericScattering\CMakeFiles\b9f893fb39094a1e711438508d443feb\NightlyMemoryCheck.rule">
      <Filter>CMake Rules</Filter>
    </CustomBuild>
    <CustomBuild Include="C:\Users\Ben\Documents\GitHub\AtmosphericScattering\CMakeLists.txt" />
  </ItemGroup>
  <ItemGroup>
    <None Include="C:\Users\Ben\Documents\GitHub\AtmosphericScattering\CMakeFiles\NightlyMemoryCheck" />
  </ItemGroup>
  <ItemGroup>
    <Filter Include="CMake Rules">
      <UniqueIdentifier>{C1E23547-B21B-3C15-B437-ADFB4717CAF7}</UniqueIdentifier>
    </Filter>
  </ItemGroup>
</Project>
